<?xml version="1.0" encoding="utf-8"?>
<Project ToolsVersion="4.0" xmlns="http://schemas.microsoft.com/developer/msbuild/2003">
  <ItemGroup>
    <Filter Include="Source files">
      <UniqueIdentifier>{82ae1b3a-541c-4b9d-be8f-957b122c71dc}</UniqueIdentifier>
      <Extensions>cpp;c;cc;cxx;def;odl;idl;hpj;bat;asm;asmx</Extensions>
    </Filter>
    <Filter Include="Header files">
      <UniqueIdentifier>{eedcc951-fcf0-46a1-9d20-b87ef3f6e08d}</UniqueIdentifier>
      <Extensions>h;hpp;hxx;hm;inl;inc;xsd</Extensions>
    </Filter>
    <Filter Include="Resource files">
      <UniqueIdentifier>{bccc9d02-5ca0-40b9-bb5d-fa29050e709a}</UniqueIdentifier>
      <Extensions>rc;ico;cur;bmp;dlg;rc2;rct;bin;rgs;gif;jpg;jpeg;jpe;resx;tiff;tif;png;wav</Extensions>
    </Filter>
    <Filter Include="Source files\CORE">
      <UniqueIdentifier>{80031316-e9a5-4439-9c67-e4d33207910b}</UniqueIdentifier>
    </Filter>
    <Filter Include="Source files\Startup">
      <UniqueIdentifier>{54c59555-33a4-4ffd-864a-da7b06695987}</UniqueIdentifier>
    </Filter>
    <Filter Include="Source files\STM32Cube HAL">
      <UniqueIdentifier>{652fd302-071e-4b7c-80ec-739496ad0b02}</UniqueIdentifier>
    </Filter>
    <Filter Include="Source files\STM32Cube HAL\COMMON">
      <UniqueIdentifier>{1bbc302f-cbe1-40b8-bf29-93a9ada217ed}</UniqueIdentifier>
    </Filter>
    <Filter Include="Source files\STM32Cube HAL\ADC">
      <UniqueIdentifier>{7c0fc9c1-5f53-4fc0-9a7c-b9dc7b8c7100}</UniqueIdentifier>
    </Filter>
    <Filter Include="Source files\STM32Cube HAL\RTC">
      <UniqueIdentifier>{2a37e8ef-bc47-4949-bf0d-5b45177c0487}</UniqueIdentifier>
    </Filter>
    <Filter Include="Source files\STM32Cube HAL\UART">
      <UniqueIdentifier>{fef271de-b387-4e8c-8957-0da9a34168ed}</UniqueIdentifier>
    </Filter>
    <Filter Include="Source files\STM32Cube HAL\PWR">
      <UniqueIdentifier>{d75fa2c1-3cd5-451c-a608-6f8a795623fc}</UniqueIdentifier>
    </Filter>
    <Filter Include="Source files\STM32Cube HAL\SPI">
      <UniqueIdentifier>{468a6b50-2306-4bd9-80a3-94c492176733}</UniqueIdentifier>
    </Filter>
    <Filter Include="Source files\STM32Cube HAL\FLASH">
      <UniqueIdentifier>{e53c67ed-ab9c-4a1a-a897-fed2dbf0560b}</UniqueIdentifier>
    </Filter>
    <Filter Include="Source files\STM32Cube HAL\GPIO">
      <UniqueIdentifier>{d5b7a8e4-9c43-4dcf-a066-87846929a8a1}</UniqueIdentifier>
    </Filter>
    <Filter Include="Source files\STM32Cube HAL\RCC">
      <UniqueIdentifier>{3cb8c9e1-e590-4753-9f7a-34e52366be3e}</UniqueIdentifier>
    </Filter>
    <Filter Include="Source files\STM32Cube HAL\CORTEX">
      <UniqueIdentifier>{d08c29c0-b23d-4868-8c30-5929595040b2}</UniqueIdentifier>
    </Filter>
    <Filter Include="Source files\STM32Cube HAL\TIM">
      <UniqueIdentifier>{b2c8b2fc-492a-47cc-a3cb-5bcd53505cdd}</UniqueIdentifier>
    </Filter>
    <Filter Include="Source files\STM32Cube HAL\DMA">
      <UniqueIdentifier>{079ca5e4-736a-4284-955a-8b0b719bca2e}</UniqueIdentifier>
    </Filter>
    <Filter Include="Source files\Device-specific files">
      <UniqueIdentifier>{93724426-44e3-4b85-8efe-cfbe69a14332}</UniqueIdentifier>
    </Filter>
    <Filter Include="Header files\CORE">
      <UniqueIdentifier>{45e0c1c4-cfc8-464c-a4fc-63316ccd7c09}</UniqueIdentifier>
    </Filter>
    <Filter Include="Header files\Startup">
      <UniqueIdentifier>{7d5b8c4a-66e1-4f69-b2d7-90e643381bc8}</UniqueIdentifier>
    </Filter>
    <Filter Include="Header files\STM32Cube HAL">
      <UniqueIdentifier>{4b6f98c7-4e11-4484-a5e5-3d3270365cad}</UniqueIdentifier>
    </Filter>
    <Filter Include="Header files\STM32Cube HAL\COMMON">
      <UniqueIdentifier>{3e1ff703-c5ac-46cb-88a1-f6733a5e3e54}</UniqueIdentifier>
    </Filter>
    <Filter Include="Header files\STM32Cube HAL\ADC">
      <UniqueIdentifier>{85df51da-7998-44d6-a5ad-d95f18e56617}</UniqueIdentifier>
    </Filter>
    <Filter Include="Header files\STM32Cube HAL\RTC">
      <UniqueIdentifier>{4ef8eb07-0068-4b78-9cbf-76186df11730}</UniqueIdentifier>
    </Filter>
    <Filter Include="Header files\STM32Cube HAL\UART">
      <UniqueIdentifier>{19402aa2-445d-4dfa-ac6b-6cc659871066}</UniqueIdentifier>
    </Filter>
    <Filter Include="Header files\STM32Cube HAL\PWR">
      <UniqueIdentifier>{17490228-ade0-427c-b896-dcb20bee270b}</UniqueIdentifier>
    </Filter>
    <Filter Include="Header files\STM32Cube HAL\SPI">
      <UniqueIdentifier>{cc738a76-a05f-4193-8ccd-0d5c442c6f72}</UniqueIdentifier>
    </Filter>
    <Filter Include="Header files\STM32Cube HAL\FLASH">
      <UniqueIdentifier>{ec0f3619-76f7-457d-89bf-047a2979cbb4}</UniqueIdentifier>
    </Filter>
    <Filter Include="Header files\STM32Cube HAL\GPIO">
      <UniqueIdentifier>{2cd75410-046b-4ffa-82d6-dc201d59aeb8}</UniqueIdentifier>
    </Filter>
    <Filter Include="Header files\STM32Cube HAL\CAN">
      <UniqueIdentifier>{6b44597c-8f76-4320-a6a5-52ac5ed1144b}</UniqueIdentifier>
    </Filter>
    <Filter Include="Header files\STM32Cube HAL\RCC">
      <UniqueIdentifier>{23e4eb34-5861-4ea5-9662-2c459aa5484a}</UniqueIdentifier>
    </Filter>
    <Filter Include="Header files\STM32Cube HAL\CORTEX">
      <UniqueIdentifier>{a063f061-aac3-4c97-81d9-6c1138161fdb}</UniqueIdentifier>
    </Filter>
    <Filter Include="Header files\STM32Cube HAL\TIM">
      <UniqueIdentifier>{304d2384-4c39-4ccc-b31d-f3603882f1b2}</UniqueIdentifier>
    </Filter>
    <Filter Include="Header files\STM32Cube HAL\DMA">
      <UniqueIdentifier>{e25b3282-e874-456d-9dae-399366517ec2}</UniqueIdentifier>
    </Filter>
    <Filter Include="Header files\Device-specific files">
      <UniqueIdentifier>{02c8dec3-f5d9-4872-ae75-19fde5a8f310}</UniqueIdentifier>
    </Filter>
    <Filter Include="VisualGDB settings">
      <UniqueIdentifier>{cdace769-5357-4f83-8711-2a56c0b4a594}</UniqueIdentifier>
    </Filter>
  </ItemGroup>
  <ItemGroup>
    <None Include="stm32.props">
      <Filter>Source files\Device-specific files</Filter>
    </None>
    <ClCompile Include="$(BSP_ROOT)\STM32F4xxxx\StartupFiles\startup_stm32f415xx.c">
      <Filter>Source files\Device-specific files</Filter>
    </ClCompile>
    <None Include="EdgeFS1-Debug.vgdbsettings">
      <Filter>VisualGDB settings</Filter>
    </None>
    <None Include="EdgeFS1-Release.vgdbsettings">
      <Filter>VisualGDB settings</Filter>
    </None>
    <None Include="stm32.xml">
      <Filter>VisualGDB settings</Filter>
    </None>
    <ClCompile Include="..\..\..\..\Documents\cubemx\STM32Cube_FW_F4_V1.18.0\Drivers\STM32F4xx_HAL_Driver\Src\stm32f4xx_hal_adc_ex.c">
      <Filter>Source files\STM32Cube HAL\ADC</Filter>
    </ClCompile>
    <ClCompile Include="..\..\..\..\Documents\cubemx\STM32Cube_FW_F4_V1.18.0\Drivers\STM32F4xx_HAL_Driver\Src\stm32f4xx_hal_uart.c">
      <Filter>Source files\STM32Cube HAL\UART</Filter>
    </ClCompile>
    <ClCompile Include="..\..\..\..\Documents\cubemx\STM32Cube_FW_F4_V1.18.0\Drivers\STM32F4xx_HAL_Driver\Src\stm32f4xx_hal_spi.c">
      <Filter>Source files\STM32Cube HAL\SPI</Filter>
    </ClCompile>
    <ClCompile Include="..\..\..\..\Documents\cubemx\STM32Cube_FW_F4_V1.18.0\Drivers\STM32F4xx_HAL_Driver\Src\stm32f4xx_hal_rtc.c">
      <Filter>Source files\STM32Cube HAL\RTC</Filter>
    </ClCompile>
    <ClCompile Include="..\..\..\..\Documents\cubemx\STM32Cube_FW_F4_V1.18.0\Drivers\STM32F4xx_HAL_Driver\Src\stm32f4xx_hal_rtc_ex.c">
      <Filter>Source files\STM32Cube HAL\RTC</Filter>
    </ClCompile>
    <ClCompile Include="..\..\..\..\Documents\cubemx\STM32Cube_FW_F4_V1.18.0\Drivers\STM32F4xx_HAL_Driver\Src\stm32f4xx_hal_pwr.c">
      <Filter>Source files\STM32Cube HAL\PWR</Filter>
    </ClCompile>
    <ClCompile Include="..\..\..\..\Documents\cubemx\STM32Cube_FW_F4_V1.18.0\Drivers\STM32F4xx_HAL_Driver\Src\stm32f4xx_hal_pwr_ex.c">
      <Filter>Source files\STM32Cube HAL\PWR</Filter>
    </ClCompile>
    <ClCompile Include="..\..\..\..\Documents\cubemx\STM32Cube_FW_F4_V1.18.0\Drivers\STM32F4xx_HAL_Driver\Src\stm32f4xx_hal_flash.c">
      <Filter>Source files\STM32Cube HAL\FLASH</Filter>
    </ClCompile>
    <ClCompile Include="..\..\..\..\Documents\cubemx\STM32Cube_FW_F4_V1.18.0\Drivers\STM32F4xx_HAL_Driver\Src\stm32f4xx_hal_flash_ex.c">
      <Filter>Source files\STM32Cube HAL\FLASH</Filter>
    </ClCompile>
    <ClCompile Include="..\..\..\..\Documents\cubemx\STM32Cube_FW_F4_V1.18.0\Drivers\STM32F4xx_HAL_Driver\Src\stm32f4xx_hal_flash_ramfunc.c">
      <Filter>Source files\STM32Cube HAL\FLASH</Filter>
    </ClCompile>
    <ClCompile Include="..\..\..\..\Documents\cubemx\STM32Cube_FW_F4_V1.18.0\Drivers\STM32F4xx_HAL_Driver\Src\stm32f4xx_hal_rcc.c">
      <Filter>Source files\STM32Cube HAL\RCC</Filter>
    </ClCompile>
    <ClCompile Include="..\..\..\..\Documents\cubemx\STM32Cube_FW_F4_V1.18.0\Drivers\STM32F4xx_HAL_Driver\Src\stm32f4xx_hal_rcc_ex.c">
      <Filter>Source files\STM32Cube HAL\RCC</Filter>
    </ClCompile>
    <ClCompile Include="..\..\..\..\Documents\cubemx\STM32Cube_FW_F4_V1.18.0\Drivers\STM32F4xx_HAL_Driver\Src\stm32f4xx_hal_tim.c">
      <Filter>Source files\STM32Cube HAL\TIM</Filter>
    </ClCompile>
    <ClCompile Include="..\..\..\..\Documents\cubemx\STM32Cube_FW_F4_V1.18.0\Drivers\STM32F4xx_HAL_Driver\Src\stm32f4xx_hal_tim_ex.c">
      <Filter>Source files\STM32Cube HAL\TIM</Filter>
    </ClCompile>
    <ClCompile Include="..\..\..\..\Documents\cubemx\STM32Cube_FW_F4_V1.18.0\Drivers\STM32F4xx_HAL_Driver\Src\stm32f4xx_hal_gpio.c">
      <Filter>Source files\STM32Cube HAL\GPIO</Filter>
    </ClCompile>
    <ClCompile Include="..\..\..\..\Documents\cubemx\STM32Cube_FW_F4_V1.18.0\Drivers\STM32F4xx_HAL_Driver\Src\stm32f4xx_hal_cortex.c">
      <Filter>Source files\STM32Cube HAL\CORTEX</Filter>
    </ClCompile>
    <ClCompile Include="..\..\..\..\Documents\cubemx\STM32Cube_FW_F4_V1.18.0\Drivers\CMSIS\Device\ST\STM32F4xx\Source\Templates\system_stm32f4xx.c">
      <Filter>Source files\Startup</Filter>
    </ClCompile>
    <ClCompile Include="..\..\..\..\Documents\cubemx\STM32Cube_FW_F4_V1.18.0\Drivers\STM32F4xx_HAL_Driver\Src\stm32f4xx_hal_dma_ex.c">
      <Filter>Source files\STM32Cube HAL\DMA</Filter>
    </ClCompile>
    <ClCompile Include="..\..\..\..\Documents\cubemx\STM32Cube_FW_F4_V1.18.0\Drivers\STM32F4xx_HAL_Driver\Src\stm32f4xx_hal_dma.c">
      <Filter>Source files\STM32Cube HAL\DMA</Filter>
    </ClCompile>
  </ItemGroup>
  <ItemGroup>
    <ClCompile Include="Src\stm32f4xx_hal_msp.c">
      <Filter>Source files</Filter>
    </ClCompile>
    <ClCompile Include="Src\stm32f4xx_it.c">
      <Filter>Source files</Filter>
    </ClCompile>
    <ClCompile Include="Src\tm_stm32f4_ds18b20.c">
      <Filter>Source files</Filter>
    </ClCompile>
    <ClCompile Include="Src\tm_stm32f4_gpio.c">
      <Filter>Source files</Filter>
    </ClCompile>
    <ClCompile Include="Src\tm_stm32f4_onewire.c">
      <Filter>Source files</Filter>
    </ClCompile>
    <ClCompile Include="..\..\..\..\Documents\cubemx\STM32Cube_FW_F4_V1.18.0\Drivers\STM32F4xx_HAL_Driver\Src\stm32f4xx_hal_adc.c">
      <Filter>Source files\STM32Cube HAL\ADC</Filter>
    </ClCompile>
    <ClCompile Include="..\..\..\..\Documents\cubemx\STM32Cube_FW_F4_V1.18.0\Drivers\STM32F4xx_HAL_Driver\Src\stm32f4xx_hal.c">
      <Filter>Source files\STM32Cube HAL\COMMON</Filter>
    </ClCompile>
    <ClCompile Include="Src\iolink.c">
      <Filter>Source files\STM32Cube HAL</Filter>
    </ClCompile>
    <ClCompile Include="Src\modbus.c">
      <Filter>Source files\STM32Cube HAL</Filter>
    </ClCompile>
    <ClCompile Include="Src\main.c">
      <Filter>Source files\STM32Cube HAL</Filter>
    </ClCompile>
    <ClCompile Include="Src\init.c">
      <Filter>Source files\STM32Cube HAL</Filter>
    </ClCompile>
    <ClCompile Include="Src\mqtt_gsm.c">
      <Filter>Source files\STM32Cube HAL</Filter>
    </ClCompile>
  </ItemGroup>
  <ItemGroup>
    <ClInclude Include="Inc\main.h">
      <Filter>Header files</Filter>
    </ClInclude>
    <ClInclude Include="Inc\stm32f4xx_hal_conf.h">
      <Filter>Header files</Filter>
    </ClInclude>
    <ClInclude Include="Inc\stm32f4xx_it.h">
      <Filter>Header files</Filter>
    </ClInclude>
    <ClInclude Include="Inc\tm_stm32f4_ds18b20.h">
      <Filter>Header files</Filter>
    </ClInclude>
    <ClInclude Include="Inc\tm_stm32f4_gpio.h">
      <Filter>Header files</Filter>
    </ClInclude>
    <ClInclude Include="Inc\tm_stm32f4_onewire.h">
      <Filter>Header files</Filter>
    </ClInclude>
    <ClInclude Include="..\..\..\..\Documents\cubemx\STM32Cube_FW_F4_V1.18.0\Drivers\STM32F4xx_HAL_Driver\Inc\stm32f4xx_hal_rcc.h">
      <Filter>Header files\STM32Cube HAL\RCC</Filter>
    </ClInclude>
    <ClInclude Include="..\..\..\..\Documents\cubemx\STM32Cube_FW_F4_V1.18.0\Drivers\STM32F4xx_HAL_Driver\Inc\stm32f4xx_hal_adc.h">
      <Filter>Header files\STM32Cube HAL\ADC</Filter>
    </ClInclude>
    <ClInclude Include="..\..\..\..\Documents\cubemx\STM32Cube_FW_F4_V1.18.0\Drivers\STM32F4xx_HAL_Driver\Inc\stm32f4xx_hal_adc_ex.h">
      <Filter>Header files\STM32Cube HAL\ADC</Filter>
    </ClInclude>
    <ClInclude Include="..\..\..\..\Documents\cubemx\STM32Cube_FW_F4_V1.18.0\Drivers\STM32F4xx_HAL_Driver\Inc\stm32f4xx_hal_can.h">
      <Filter>Header files\STM32Cube HAL\CAN</Filter>
    </ClInclude>
    <ClInclude Include="..\..\..\..\Documents\cubemx\STM32Cube_FW_F4_V1.18.0\Drivers\STM32F4xx_HAL_Driver\Inc\Legacy\stm32_hal_legacy.h">
      <Filter>Header files\STM32Cube HAL\COMMON</Filter>
    </ClInclude>
    <ClInclude Include="..\..\..\..\Documents\cubemx\STM32Cube_FW_F4_V1.18.0\Drivers\STM32F4xx_HAL_Driver\Inc\stm32f4xx_hal.h">
      <Filter>Header files\STM32Cube HAL\COMMON</Filter>
    </ClInclude>
    <ClInclude Include="..\..\..\..\Documents\cubemx\STM32Cube_FW_F4_V1.18.0\Drivers\STM32F4xx_HAL_Driver\Inc\stm32f4xx_hal_def.h">
      <Filter>Header files\STM32Cube HAL\COMMON</Filter>
    </ClInclude>
    <ClInclude Include="..\..\..\..\Documents\cubemx\STM32Cube_FW_F4_V1.18.0\Drivers\STM32F4xx_HAL_Driver\Inc\stm32f4xx_hal_cortex.h">
      <Filter>Header files\STM32Cube HAL\CORTEX</Filter>
    </ClInclude>
    <ClInclude Include="..\..\..\..\Documents\cubemx\STM32Cube_FW_F4_V1.18.0\Drivers\STM32F4xx_HAL_Driver\Inc\stm32f4xx_hal_dma.h">
      <Filter>Header files\STM32Cube HAL\DMA</Filter>
    </ClInclude>
    <ClInclude Include="..\..\..\..\Documents\cubemx\STM32Cube_FW_F4_V1.18.0\Drivers\STM32F4xx_HAL_Driver\Inc\stm32f4xx_hal_dma_ex.h">
      <Filter>Header files\STM32Cube HAL\DMA</Filter>
    </ClInclude>
    <ClInclude Include="..\..\..\..\Documents\cubemx\STM32Cube_FW_F4_V1.18.0\Drivers\STM32F4xx_HAL_Driver\Inc\stm32f4xx_hal_flash.h">
      <Filter>Header files\STM32Cube HAL\FLASH</Filter>
    </ClInclude>
    <ClInclude Include="..\..\..\..\Documents\cubemx\STM32Cube_FW_F4_V1.18.0\Drivers\STM32F4xx_HAL_Driver\Inc\stm32f4xx_hal_flash_ex.h">
      <Filter>Header files\STM32Cube HAL\FLASH</Filter>
    </ClInclude>
    <ClInclude Include="..\..\..\..\Documents\cubemx\STM32Cube_FW_F4_V1.18.0\Drivers\STM32F4xx_HAL_Driver\Inc\stm32f4xx_hal_flash_ramfunc.h">
      <Filter>Header files\STM32Cube HAL\FLASH</Filter>
    </ClInclude>
    <ClInclude Include="..\..\..\..\Documents\cubemx\STM32Cube_FW_F4_V1.18.0\Drivers\STM32F4xx_HAL_Driver\Inc\stm32f4xx_hal_gpio.h">
      <Filter>Header files\STM32Cube HAL\GPIO</Filter>
    </ClInclude>
    <ClInclude Include="..\..\..\..\Documents\cubemx\STM32Cube_FW_F4_V1.18.0\Drivers\STM32F4xx_HAL_Driver\Inc\stm32f4xx_hal_gpio_ex.h">
      <Filter>Header files\STM32Cube HAL\GPIO</Filter>
    </ClInclude>
    <ClInclude Include="..\..\..\..\Documents\cubemx\STM32Cube_FW_F4_V1.18.0\Drivers\STM32F4xx_HAL_Driver\Inc\stm32f4xx_hal_pwr.h">
      <Filter>Header files\STM32Cube HAL\PWR</Filter>
    </ClInclude>
    <ClInclude Include="..\..\..\..\Documents\cubemx\STM32Cube_FW_F4_V1.18.0\Drivers\STM32F4xx_HAL_Driver\Inc\stm32f4xx_hal_pwr_ex.h">
      <Filter>Header files\STM32Cube HAL\PWR</Filter>
    </ClInclude>
    <ClInclude Include="..\..\..\..\Documents\cubemx\STM32Cube_FW_F4_V1.18.0\Drivers\STM32F4xx_HAL_Driver\Inc\stm32f4xx_hal_rcc_ex.h">
      <Filter>Header files\STM32Cube HAL\RCC</Filter>
    </ClInclude>
    <ClInclude Include="..\..\..\..\Documents\cubemx\STM32Cube_FW_F4_V1.18.0\Drivers\STM32F4xx_HAL_Driver\Inc\stm32f4xx_hal_rtc.h">
      <Filter>Header files\STM32Cube HAL\RTC</Filter>
    </ClInclude>
    <ClInclude Include="..\..\..\..\Documents\cubemx\STM32Cube_FW_F4_V1.18.0\Drivers\STM32F4xx_HAL_Driver\Inc\stm32f4xx_hal_rtc_ex.h">
      <Filter>Header files\STM32Cube HAL\RTC</Filter>
    </ClInclude>
    <ClInclude Include="..\..\..\..\Documents\cubemx\STM32Cube_FW_F4_V1.18.0\Drivers\STM32F4xx_HAL_Driver\Inc\stm32f4xx_hal_spi.h">
      <Filter>Header files\STM32Cube HAL\SPI</Filter>
    </ClInclude>
    <ClInclude Include="..\..\..\..\Documents\cubemx\STM32Cube_FW_F4_V1.18.0\Drivers\STM32F4xx_HAL_Driver\Inc\stm32f4xx_hal_tim.h">
      <Filter>Header files\STM32Cube HAL\TIM</Filter>
    </ClInclude>
    <ClInclude Include="..\..\..\..\Documents\cubemx\STM32Cube_FW_F4_V1.18.0\Drivers\STM32F4xx_HAL_Driver\Inc\stm32f4xx_hal_tim_ex.h">
      <Filter>Header files\STM32Cube HAL\TIM</Filter>
    </ClInclude>
    <ClInclude Include="..\..\..\..\Documents\cubemx\STM32Cube_FW_F4_V1.18.0\Drivers\STM32F4xx_HAL_Driver\Inc\stm32f4xx_hal_uart.h">
      <Filter>Header files\STM32Cube HAL\UART</Filter>
    </ClInclude>
    <ClInclude Include="..\..\..\..\Documents\cubemx\STM32Cube_FW_F4_V1.18.0\Drivers\CMSIS\Device\ST\STM32F4xx\Include\system_stm32f4xx.h">
      <Filter>Header files\Startup</Filter>
    </ClInclude>
    <ClInclude Include="..\..\..\..\Documents\cubemx\STM32Cube_FW_F4_V1.18.0\Drivers\CMSIS\Device\ST\STM32F4xx\Include\stm32f4xx.h">
      <Filter>Header files\Startup</Filter>
    </ClInclude>
    <ClInclude Include="..\..\..\..\Documents\cubemx\STM32Cube_FW_F4_V1.18.0\Drivers\CMSIS\Include\core_cm4.h">
      <Filter>Header files\CORE</Filter>
    </ClInclude>
    <ClInclude Include="Inc\edge.h">
      <Filter>Header files</Filter>
    </ClInclude>
    <ClInclude Include="Inc\mqtt_gsm.h">
      <Filter>Header files\STM32Cube HAL</Filter>
    </ClInclude>
  </ItemGroup>
</Project>